{
  "version": 4,
  "terraform_version": "1.14.8",
  "serial": 1,
  "lineage": "c9b9bc92-2f78-d6a5-900e-598e17aba82f",
  "outputs": {
    "storage_account_name": {
      "value": "storagedemo12345",
      "type": "string"
    }
  },
  "resources": [
    {
      "mode": "managed",
      "type": "azurerm_resource_group",
      "name": "rg",
      "provider": "provider[\"registry.terraform.io/hashicorp/azurerm\"]",
      "instances": [
        {
          "schema_version": 0,
          "attributes": {
            "id": "/subscriptions/8047a057-8235-4587-ac94-475c51caee41/resourceGroups/rg-demo-1",
            "location": "eastus",
            "managed_by": "",
            "name": "rg-demo-1",
            "tags": null,
            "timeouts": null
          },
          "sensitive_attributes": [],
          "identity_schema_version": 0,
          "identity": {
            "name": "rg-demo-1",
            "subscription_id": "8047a057-8235-4587-ac94-475c51caee41"
          },
          "private": "eyJlMmJmYjczMC1lY2FhLTExZTYtOGY4OC0zNDM2M2JjN2M0YzAiOnsiY3JlYXRlIjo1NDAwMDAwMDAwMDAwLCJkZWxldGUiOjU0MDAwMDAwMDAwMDAsInJlYWQiOjMwMDAwMDAwMDAwMCwidXBkYXRlIjo1NDAwMDAwMDAwMDAwfX0="
        }
      ]
    }
  ],
  "check_results": null
}
